
Microsoft Visual Studio Solution File, Format Version 12.00
# Visual Studio Version 17
VisualStudioVersion = 17.7.34024.191
MinimumVisualStudioVersion = 10.0.40219.1
Project("{2150E333-8FDC-42A3-9474-1A3956D46DE8}") = "N1", "N1", "{C6038B3F-B4FF-41E8-9FBB-B534A9F21593}"
EndProject
Project("{2150E333-8FDC-42A3-9474-1A3956D46DE8}") = "N8", "N8", "{38CE145B-9A55-455D-8034-EB0484194EF2}"
EndProject
Project("{9A19103F-16F7-4668-BE54-9A1E7A4F7556}") = "Process01", "Process01\Process01.csproj", "{A2B0C845-9A79-43AE-806C-CC54B313ABAB}"
EndProject
Project("{2150E333-8FDC-42A3-9474-1A3956D46DE8}") = "N9", "N9", "{FBCC2C59-7A08-45AD-AE08-57A34C0C7F73}"
EndProject
Project("{9A19103F-16F7-4668-BE54-9A1E7A4F7556}") = "CL01", "CL01\CL01.csproj", "{06521008-2051-4494-A96F-53E2133D9BBF}"
EndProject
Project("{9A19103F-16F7-4668-BE54-9A1E7A4F7556}") = "HomeTask", "HomeTask\HomeTask.csproj", "{1C80D65A-F17F-4DBE-B508-AE123802E27F}"
EndProject
Project("{9A19103F-16F7-4668-BE54-9A1E7A4F7556}") = "CL02", "CL02\CL02.csproj", "{3D13DD12-3DA3-4A5C-B553-6BC41DC8AC85}"
EndProject
Project("{2150E333-8FDC-42A3-9474-1A3956D46DE8}") = "Test", "Test", "{CC49C433-BC4A-4881-A184-3CB3757F8AA6}"
EndProject
Project("{9A19103F-16F7-4668-BE54-9A1E7A4F7556}") = "Test", "Test\Test.csproj", "{2035CBF5-9B67-40A4-B3C4-C73CE72CA8F4}"
EndProject
Project("{2150E333-8FDC-42A3-9474-1A3956D46DE8}") = "N10", "N10", "{247D416A-F8FF-47EE-AC7A-C471F8E677D9}"
EndProject
Project("{9A19103F-16F7-4668-BE54-9A1E7A4F7556}") = "Cl001", "Cl001\Cl001.csproj", "{9A7023E0-F46D-4F33-B4F8-E70A04AE1EA2}"
EndProject
Project("{2150E333-8FDC-42A3-9474-1A3956D46DE8}") = "PracticTasks", "PracticTasks", "{AB5E04AF-3EEE-4DFD-9649-228877C2FD7C}"
EndProject
Project("{9A19103F-16F7-4668-BE54-9A1E7A4F7556}") = "PT-01", "PT-01\PT-01.csproj", "{56A1F506-441D-4DAA-BB98-617D9C86BE2D}"
EndProject
Project("{2150E333-8FDC-42A3-9474-1A3956D46DE8}") = "N11", "N11", "{E04F4B33-30E3-4EDB-9636-554BC46240C0}"
EndProject
Project("{2150E333-8FDC-42A3-9474-1A3956D46DE8}") = "ClassWorks", "ClassWorks", "{5FE65B68-DDFA-4508-AD16-EF84CB1E8F7F}"
EndProject
Project("{9A19103F-16F7-4668-BE54-9A1E7A4F7556}") = "Cls01", "Cls01\Cls01.csproj", "{3FBBB8BA-040E-4757-9BBE-C3449AAEABD2}"
EndProject
Project("{2150E333-8FDC-42A3-9474-1A3956D46DE8}") = "N12", "N12", "{83ECEE3F-A6BD-4935-8CE7-87FE780E6ADB}"
EndProject
Project("{2150E333-8FDC-42A3-9474-1A3956D46DE8}") = "ClassWork", "ClassWork", "{FF2C822E-A66C-44A6-BA1F-51A17FCAAC87}"
EndProject
Project("{9A19103F-16F7-4668-BE54-9A1E7A4F7556}") = "TryCatchLearning", "TryCatchLearning\TryCatchLearning.csproj", "{55D82226-D8E4-4637-84BD-938B68806442}"
EndProject
Project("{2150E333-8FDC-42A3-9474-1A3956D46DE8}") = "N14", "N14", "{B4C7BB02-4F90-420E-8A42-603DB85A31DB}"
EndProject
Project("{2150E333-8FDC-42A3-9474-1A3956D46DE8}") = "Practick", "Practick", "{C9EC7A94-74F8-4D91-987B-0591A32F7A12}"
EndProject
Project("{9A19103F-16F7-4668-BE54-9A1E7A4F7556}") = "N14Practic", "N14Practic\N14Practic.csproj", "{CA7C56FB-69B9-448C-A414-F28C490B3FE0}"
EndProject
Project("{2150E333-8FDC-42A3-9474-1A3956D46DE8}") = "N15", "N15", "{0465D782-D5A0-4313-B8C8-204F779A3176}"
EndProject
Project("{FAE04EC0-301F-11D3-BF4B-00C04F79EFBC}") = "N15", "N15\N15.csproj", "{F2E3DD70-B03A-458A-BE20-5EAAF587C91D}"
EndProject
Global
	GlobalSection(SolutionConfigurationPlatforms) = preSolution
		Debug|Any CPU = Debug|Any CPU
		Release|Any CPU = Release|Any CPU
	EndGlobalSection
	GlobalSection(ProjectConfigurationPlatforms) = postSolution
		{A2B0C845-9A79-43AE-806C-CC54B313ABAB}.Debug|Any CPU.ActiveCfg = Debug|Any CPU
		{A2B0C845-9A79-43AE-806C-CC54B313ABAB}.Debug|Any CPU.Build.0 = Debug|Any CPU
		{A2B0C845-9A79-43AE-806C-CC54B313ABAB}.Release|Any CPU.ActiveCfg = Release|Any CPU
		{A2B0C845-9A79-43AE-806C-CC54B313ABAB}.Release|Any CPU.Build.0 = Release|Any CPU
		{06521008-2051-4494-A96F-53E2133D9BBF}.Debug|Any CPU.ActiveCfg = Debug|Any CPU
		{06521008-2051-4494-A96F-53E2133D9BBF}.Debug|Any CPU.Build.0 = Debug|Any CPU
		{06521008-2051-4494-A96F-53E2133D9BBF}.Release|Any CPU.ActiveCfg = Release|Any CPU
		{06521008-2051-4494-A96F-53E2133D9BBF}.Release|Any CPU.Build.0 = Release|Any CPU
		{1C80D65A-F17F-4DBE-B508-AE123802E27F}.Debug|Any CPU.ActiveCfg = Debug|Any CPU
		{1C80D65A-F17F-4DBE-B508-AE123802E27F}.Debug|Any CPU.Build.0 = Debug|Any CPU
		{1C80D65A-F17F-4DBE-B508-AE123802E27F}.Release|Any CPU.ActiveCfg = Release|Any CPU
		{1C80D65A-F17F-4DBE-B508-AE123802E27F}.Release|Any CPU.Build.0 = Release|Any CPU
		{3D13DD12-3DA3-4A5C-B553-6BC41DC8AC85}.Debug|Any CPU.ActiveCfg = Debug|Any CPU
		{3D13DD12-3DA3-4A5C-B553-6BC41DC8AC85}.Debug|Any CPU.Build.0 = Debug|Any CPU
		{3D13DD12-3DA3-4A5C-B553-6BC41DC8AC85}.Release|Any CPU.ActiveCfg = Release|Any CPU
		{3D13DD12-3DA3-4A5C-B553-6BC41DC8AC85}.Release|Any CPU.Build.0 = Release|Any CPU
		{2035CBF5-9B67-40A4-B3C4-C73CE72CA8F4}.Debug|Any CPU.ActiveCfg = Debug|Any CPU
		{2035CBF5-9B67-40A4-B3C4-C73CE72CA8F4}.Debug|Any CPU.Build.0 = Debug|Any CPU
		{2035CBF5-9B67-40A4-B3C4-C73CE72CA8F4}.Release|Any CPU.ActiveCfg = Release|Any CPU
		{2035CBF5-9B67-40A4-B3C4-C73CE72CA8F4}.Release|Any CPU.Build.0 = Release|Any CPU
		{9A7023E0-F46D-4F33-B4F8-E70A04AE1EA2}.Debug|Any CPU.ActiveCfg = Debug|Any CPU
		{9A7023E0-F46D-4F33-B4F8-E70A04AE1EA2}.Debug|Any CPU.Build.0 = Debug|Any CPU
		{9A7023E0-F46D-4F33-B4F8-E70A04AE1EA2}.Release|Any CPU.ActiveCfg = Release|Any CPU
		{9A7023E0-F46D-4F33-B4F8-E70A04AE1EA2}.Release|Any CPU.Build.0 = Release|Any CPU
		{56A1F506-441D-4DAA-BB98-617D9C86BE2D}.Debug|Any CPU.ActiveCfg = Debug|Any CPU
		{56A1F506-441D-4DAA-BB98-617D9C86BE2D}.Debug|Any CPU.Build.0 = Debug|Any CPU
		{56A1F506-441D-4DAA-BB98-617D9C86BE2D}.Release|Any CPU.ActiveCfg = Release|Any CPU
		{56A1F506-441D-4DAA-BB98-617D9C86BE2D}.Release|Any CPU.Build.0 = Release|Any CPU
		{3FBBB8BA-040E-4757-9BBE-C3449AAEABD2}.Debug|Any CPU.ActiveCfg = Debug|Any CPU
		{3FBBB8BA-040E-4757-9BBE-C3449AAEABD2}.Debug|Any CPU.Build.0 = Debug|Any CPU
		{3FBBB8BA-040E-4757-9BBE-C3449AAEABD2}.Release|Any CPU.ActiveCfg = Release|Any CPU
		{3FBBB8BA-040E-4757-9BBE-C3449AAEABD2}.Release|Any CPU.Build.0 = Release|Any CPU
		{55D82226-D8E4-4637-84BD-938B68806442}.Debug|Any CPU.ActiveCfg = Debug|Any CPU
		{55D82226-D8E4-4637-84BD-938B68806442}.Debug|Any CPU.Build.0 = Debug|Any CPU
		{55D82226-D8E4-4637-84BD-938B68806442}.Release|Any CPU.ActiveCfg = Release|Any CPU
		{55D82226-D8E4-4637-84BD-938B68806442}.Release|Any CPU.Build.0 = Release|Any CPU
		{CA7C56FB-69B9-448C-A414-F28C490B3FE0}.Debug|Any CPU.ActiveCfg = Debug|Any CPU
		{CA7C56FB-69B9-448C-A414-F28C490B3FE0}.Debug|Any CPU.Build.0 = Debug|Any CPU
		{CA7C56FB-69B9-448C-A414-F28C490B3FE0}.Release|Any CPU.ActiveCfg = Release|Any CPU
		{CA7C56FB-69B9-448C-A414-F28C490B3FE0}.Release|Any CPU.Build.0 = Release|Any CPU
		{F2E3DD70-B03A-458A-BE20-5EAAF587C91D}.Debug|Any CPU.ActiveCfg = Debug|Any CPU
		{F2E3DD70-B03A-458A-BE20-5EAAF587C91D}.Debug|Any CPU.Build.0 = Debug|Any CPU
		{F2E3DD70-B03A-458A-BE20-5EAAF587C91D}.Release|Any CPU.ActiveCfg = Release|Any CPU
		{F2E3DD70-B03A-458A-BE20-5EAAF587C91D}.Release|Any CPU.Build.0 = Release|Any CPU
	EndGlobalSection
	GlobalSection(SolutionProperties) = preSolution
		HideSolutionNode = FALSE
	EndGlobalSection
	GlobalSection(NestedProjects) = preSolution
		{A2B0C845-9A79-43AE-806C-CC54B313ABAB} = {38CE145B-9A55-455D-8034-EB0484194EF2}
		{06521008-2051-4494-A96F-53E2133D9BBF} = {FBCC2C59-7A08-45AD-AE08-57A34C0C7F73}
		{1C80D65A-F17F-4DBE-B508-AE123802E27F} = {FBCC2C59-7A08-45AD-AE08-57A34C0C7F73}
		{3D13DD12-3DA3-4A5C-B553-6BC41DC8AC85} = {FBCC2C59-7A08-45AD-AE08-57A34C0C7F73}
		{2035CBF5-9B67-40A4-B3C4-C73CE72CA8F4} = {CC49C433-BC4A-4881-A184-3CB3757F8AA6}
		{9A7023E0-F46D-4F33-B4F8-E70A04AE1EA2} = {247D416A-F8FF-47EE-AC7A-C471F8E677D9}
		{AB5E04AF-3EEE-4DFD-9649-228877C2FD7C} = {C6038B3F-B4FF-41E8-9FBB-B534A9F21593}
		{56A1F506-441D-4DAA-BB98-617D9C86BE2D} = {AB5E04AF-3EEE-4DFD-9649-228877C2FD7C}
		{5FE65B68-DDFA-4508-AD16-EF84CB1E8F7F} = {E04F4B33-30E3-4EDB-9636-554BC46240C0}
		{3FBBB8BA-040E-4757-9BBE-C3449AAEABD2} = {5FE65B68-DDFA-4508-AD16-EF84CB1E8F7F}
		{FF2C822E-A66C-44A6-BA1F-51A17FCAAC87} = {83ECEE3F-A6BD-4935-8CE7-87FE780E6ADB}
		{55D82226-D8E4-4637-84BD-938B68806442} = {FF2C822E-A66C-44A6-BA1F-51A17FCAAC87}
		{C9EC7A94-74F8-4D91-987B-0591A32F7A12} = {B4C7BB02-4F90-420E-8A42-603DB85A31DB}
		{CA7C56FB-69B9-448C-A414-F28C490B3FE0} = {C9EC7A94-74F8-4D91-987B-0591A32F7A12}
		{F2E3DD70-B03A-458A-BE20-5EAAF587C91D} = {0465D782-D5A0-4313-B8C8-204F779A3176}
	EndGlobalSection
	GlobalSection(ExtensibilityGlobals) = postSolution
		SolutionGuid = {180FEDE8-2E62-4843-A077-E48250E6244B}
	EndGlobalSection
EndGlobal
